
Microsoft Visual Studio Solution File, Format Version 12.00
# Visual Studio Version 17
VisualStudioVersion = 17.0.32112.339
MinimumVisualStudioVersion = 10.0.40219.1
Project("{FAE04EC0-301F-11D3-BF4B-00C04F79EFBC}") = "Exercício 13", "Exercício 13\Exercício 13.csproj", "{82258EB8-1B49-4698-A834-8E41F98AC842}"
EndProject
Global
	GlobalSection(SolutionConfigurationPlatforms) = preSolution
		Debug|Any CPU = Debug|Any CPU
		Release|Any CPU = Release|Any CPU
	EndGlobalSection
	GlobalSection(ProjectConfigurationPlatforms) = postSolution
		{82258EB8-1B49-4698-A834-8E41F98AC842}.Debug|Any CPU.ActiveCfg = Debug|Any CPU
		{82258EB8-1B49-4698-A834-8E41F98AC842}.Debug|Any CPU.Build.0 = Debug|Any CPU
		{82258EB8-1B49-4698-A834-8E41F98AC842}.Release|Any CPU.ActiveCfg = Release|Any CPU
		{82258EB8-1B49-4698-A834-8E41F98AC842}.Release|Any CPU.Build.0 = Release|Any CPU
	EndGlobalSection
	GlobalSection(SolutionProperties) = preSolution
		HideSolutionNode = FALSE
	EndGlobalSection
	GlobalSection(ExtensibilityGlobals) = postSolution
		SolutionGuid = {775F9645-1555-4932-94EA-4AAE8CB5357B}
	EndGlobalSection
EndGlobal
